// !$*UTF8*$!
{
	archiveVersion = 1;
	classes = {
	};
	objectVersion = 46;
	objects = {

/* Begin PBXBuildFile section */
		6524D3421C591A3E002F7E8D /* AppDelegate.swift in Sources */ = {isa = PBXBuildFile; fileRef = 6524D3411C591A3E002F7E8D /* AppDelegate.swift */; };
		6524D3441C591A3E002F7E8D /* PhotoCollectionViewController.swift in Sources */ = {isa = PBXBuildFile; fileRef = 6524D3431C591A3E002F7E8D /* PhotoCollectionViewController.swift */; };
		6524D3471C591A3E002F7E8D /* Main.storyboard in Resources */ = {isa = PBXBuildFile; fileRef = 6524D3451C591A3E002F7E8D /* Main.storyboard */; };
		6524D3491C591A3E002F7E8D /* Assets.xcassets in Resources */ = {isa = PBXBuildFile; fileRef = 6524D3481C591A3E002F7E8D /* Assets.xcassets */; };
		6524D34C1C591A3E002F7E8D /* LaunchScreen.storyboard in Resources */ = {isa = PBXBuildFile; fileRef = 6524D34A1C591A3E002F7E8D /* LaunchScreen.storyboard */; };
		6524D3571C591A3E002F7E8D /* PhotoViewerTests.swift in Sources */ = {isa = PBXBuildFile; fileRef = 6524D3561C591A3E002F7E8D /* PhotoViewerTests.swift */; };
		6524D3621C591A3E002F7E8D /* PhotoViewerUITests.swift in Sources */ = {isa = PBXBuildFile; fileRef = 6524D3611C591A3E002F7E8D /* PhotoViewerUITests.swift */; };
		6524D3701C591A65002F7E8D /* SinglePhotoViewController.swift in Sources */ = {isa = PBXBuildFile; fileRef = 6524D36F1C591A65002F7E8D /* SinglePhotoViewController.swift */; };
		65C706C51CAC255A0033E222 /* PhotoCollectionViewCell.swift in Sources */ = {isa = PBXBuildFile; fileRef = 65C706C41CAC255A0033E222 /* PhotoCollectionViewCell.swift */; };
		65F737911CBA9362008A5392 /* ViewController.swift in Sources */ = {isa = PBXBuildFile; fileRef = 65F737901CBA9362008A5392 /* ViewController.swift */; };
		D909D9AC637D9ECE54F54EAD /* Pods_PhotoViewer.framework in Frameworks */ = {isa = PBXBuildFile; fileRef = 792EB0B437C598B41684D102 /* Pods_PhotoViewer.framework */; };
/* End PBXBuildFile section */

/* Begin PBXContainerItemProxy section */
		6524D3531C591A3E002F7E8D /* PBXContainerItemProxy */ = {
			isa = PBXContainerItemProxy;
			containerPortal = 6524D3361C591A3D002F7E8D /* Project object */;
			proxyType = 1;
			remoteGlobalIDString = 6524D33D1C591A3D002F7E8D;
			remoteInfo = PhotoViewer;
		};
		6524D35E1C591A3E002F7E8D /* PBXContainerItemProxy */ = {
			isa = PBXContainerItemProxy;
			containerPortal = 6524D3361C591A3D002F7E8D /* Project object */;
			proxyType = 1;
			remoteGlobalIDString = 6524D33D1C591A3D002F7E8D;
			remoteInfo = PhotoViewer;
		};
/* End PBXContainerItemProxy section */

/* Begin PBXFileReference section */
		34C64E1AA6B43147512265A2 /* Pods-PhotoViewer.release.xcconfig */ = {isa = PBXFileReference; includeInIndex = 1; lastKnownFileType = text.xcconfig; name = "Pods-PhotoViewer.release.xcconfig"; path = "Pods/Target Support Files/Pods-PhotoViewer/Pods-PhotoViewer.release.xcconfig"; sourceTree = "<group>"; };
		6524D33E1C591A3E002F7E8D /* PhotoViewer.app */ = {isa = PBXFileReference; explicitFileType = wrapper.application; includeInIndex = 0; path = PhotoViewer.app; sourceTree = BUILT_PRODUCTS_DIR; };
		6524D3411C591A3E002F7E8D /* AppDelegate.swift */ = {isa = PBXFileReference; lastKnownFileType = sourcecode.swift; path = AppDelegate.swift; sourceTree = "<group>"; };
		6524D3431C591A3E002F7E8D /* PhotoCollectionViewController.swift */ = {isa = PBXFileReference; lastKnownFileType = sourcecode.swift; path = PhotoCollectionViewController.swift; sourceTree = "<group>"; };
		6524D3461C591A3E002F7E8D /* Base */ = {isa = PBXFileReference; lastKnownFileType = file.storyboard; name = Base; path = Base.lproj/Main.storyboard; sourceTree = "<group>"; };
		6524D3481C591A3E002F7E8D /* Assets.xcassets */ = {isa = PBXFileReference; lastKnownFileType = folder.assetcatalog; path = Assets.xcassets; sourceTree = "<group>"; };
		6524D34B1C591A3E002F7E8D /* Base */ = {isa = PBXFileReference; lastKnownFileType = file.storyboard; name = Base; path = Base.lproj/LaunchScreen.storyboard; sourceTree = "<group>"; };
		6524D34D1C591A3E002F7E8D /* Info.plist */ = {isa = PBXFileReference; lastKnownFileType = text.plist.xml; path = Info.plist; sourceTree = "<group>"; };
		6524D3521C591A3E002F7E8D /* PhotoViewerTests.xctest */ = {isa = PBXFileReference; explicitFileType = wrapper.cfbundle; includeInIndex = 0; path = PhotoViewerTests.xctest; sourceTree = BUILT_PRODUCTS_DIR; };
		6524D3561C591A3E002F7E8D /* PhotoViewerTests.swift */ = {isa = PBXFileReference; lastKnownFileType = sourcecode.swift; path = PhotoViewerTests.swift; sourceTree = "<group>"; };
		6524D3581C591A3E002F7E8D /* Info.plist */ = {isa = PBXFileReference; lastKnownFileType = text.plist.xml; path = Info.plist; sourceTree = "<group>"; };
		6524D35D1C591A3E002F7E8D /* PhotoViewerUITests.xctest */ = {isa = PBXFileReference; explicitFileType = wrapper.cfbundle; includeInIndex = 0; path = PhotoViewerUITests.xctest; sourceTree = BUILT_PRODUCTS_DIR; };
		6524D3611C591A3E002F7E8D /* PhotoViewerUITests.swift */ = {isa = PBXFileReference; lastKnownFileType = sourcecode.swift; path = PhotoViewerUITests.swift; sourceTree = "<group>"; };
		6524D3631C591A3E002F7E8D /* Info.plist */ = {isa = PBXFileReference; lastKnownFileType = text.plist.xml; path = Info.plist; sourceTree = "<group>"; };
		6524D36F1C591A65002F7E8D /* SinglePhotoViewController.swift */ = {isa = PBXFileReference; fileEncoding = 4; lastKnownFileType = sourcecode.swift; path = SinglePhotoViewController.swift; sourceTree = "<group>"; };
		653D68141CD62CA300EA7F72 /* PhotoViewer-Bridging-Header.h */ = {isa = PBXFileReference; lastKnownFileType = sourcecode.c.h; path = "PhotoViewer-Bridging-Header.h"; sourceTree = "<group>"; };
		65C706C41CAC255A0033E222 /* PhotoCollectionViewCell.swift */ = {isa = PBXFileReference; fileEncoding = 4; lastKnownFileType = sourcecode.swift; path = PhotoCollectionViewCell.swift; sourceTree = "<group>"; };
		65F737901CBA9362008A5392 /* ViewController.swift */ = {isa = PBXFileReference; fileEncoding = 4; lastKnownFileType = sourcecode.swift; path = ViewController.swift; sourceTree = "<group>"; };
		792EB0B437C598B41684D102 /* Pods_PhotoViewer.framework */ = {isa = PBXFileReference; explicitFileType = wrapper.framework; includeInIndex = 0; path = Pods_PhotoViewer.framework; sourceTree = BUILT_PRODUCTS_DIR; };
		9E603B923877A7AF9A7C01DF /* Pods-PhotoViewer.debug.xcconfig */ = {isa = PBXFileReference; includeInIndex = 1; lastKnownFileType = text.xcconfig; name = "Pods-PhotoViewer.debug.xcconfig"; path = "Pods/Target Support Files/Pods-PhotoViewer/Pods-PhotoViewer.debug.xcconfig"; sourceTree = "<group>"; };
/* End PBXFileReference section */

/* Begin PBXFrameworksBuildPhase section */
		6524D33B1C591A3D002F7E8D /* Frameworks */ = {
			isa = PBXFrameworksBuildPhase;
			buildActionMask = 2147483647;
			files = (
				D909D9AC637D9ECE54F54EAD /* Pods_PhotoViewer.framework in Frameworks */,
			);
			runOnlyForDeploymentPostprocessing = 0;
		};
		6524D34F1C591A3E002F7E8D /* Frameworks */ = {
			isa = PBXFrameworksBuildPhase;
			buildActionMask = 2147483647;
			files = (
			);
			runOnlyForDeploymentPostprocessing = 0;
		};
		6524D35A1C591A3E002F7E8D /* Frameworks */ = {
			isa = PBXFrameworksBuildPhase;
			buildActionMask = 2147483647;
			files = (
			);
			runOnlyForDeploymentPostprocessing = 0;
		};
/* End PBXFrameworksBuildPhase section */

/* Begin PBXGroup section */
		6524D3351C591A3D002F7E8D = {
			isa = PBXGroup;
			children = (
				6524D3401C591A3E002F7E8D /* PhotoViewer */,
				6524D3551C591A3E002F7E8D /* PhotoViewerTests */,
				6524D3601C591A3E002F7E8D /* PhotoViewerUITests */,
				6524D33F1C591A3E002F7E8D /* Products */,
				87744128FC166CD058186860 /* Pods */,
				E9BD4093A191564DBEF416C3 /* Frameworks */,
			);
			sourceTree = "<group>";
		};
		6524D33F1C591A3E002F7E8D /* Products */ = {
			isa = PBXGroup;
			children = (
				6524D33E1C591A3E002F7E8D /* PhotoViewer.app */,
				6524D3521C591A3E002F7E8D /* PhotoViewerTests.xctest */,
				6524D35D1C591A3E002F7E8D /* PhotoViewerUITests.xctest */,
			);
			name = Products;
			sourceTree = "<group>";
		};
		6524D3401C591A3E002F7E8D /* PhotoViewer */ = {
			isa = PBXGroup;
			children = (
				6524D3411C591A3E002F7E8D /* AppDelegate.swift */,
				6524D36F1C591A65002F7E8D /* SinglePhotoViewController.swift */,
				65F737901CBA9362008A5392 /* ViewController.swift */,
				6524D3431C591A3E002F7E8D /* PhotoCollectionViewController.swift */,
				65C706C41CAC255A0033E222 /* PhotoCollectionViewCell.swift */,
				6524D3451C591A3E002F7E8D /* Main.storyboard */,
				6524D3481C591A3E002F7E8D /* Assets.xcassets */,
				6524D34A1C591A3E002F7E8D /* LaunchScreen.storyboard */,
				6524D34D1C591A3E002F7E8D /* Info.plist */,
				653D68141CD62CA300EA7F72 /* PhotoViewer-Bridging-Header.h */,
			);
			path = PhotoViewer;
			sourceTree = "<group>";
		};
		6524D3551C591A3E002F7E8D /* PhotoViewerTests */ = {
			isa = PBXGroup;
			children = (
				6524D3561C591A3E002F7E8D /* PhotoViewerTests.swift */,
				6524D3581C591A3E002F7E8D /* Info.plist */,
			);
			path = PhotoViewerTests;
			sourceTree = "<group>";
		};
		6524D3601C591A3E002F7E8D /* PhotoViewerUITests */ = {
			isa = PBXGroup;
			children = (
				6524D3611C591A3E002F7E8D /* PhotoViewerUITests.swift */,
				6524D3631C591A3E002F7E8D /* Info.plist */,
			);
			path = PhotoViewerUITests;
			sourceTree = "<group>";
		};
		87744128FC166CD058186860 /* Pods */ = {
			isa = PBXGroup;
			children = (
				9E603B923877A7AF9A7C01DF /* Pods-PhotoViewer.debug.xcconfig */,
				34C64E1AA6B43147512265A2 /* Pods-PhotoViewer.release.xcconfig */,
			);
			name = Pods;
			sourceTree = "<group>";
		};
		E9BD4093A191564DBEF416C3 /* Frameworks */ = {
			isa = PBXGroup;
			children = (
				792EB0B437C598B41684D102 /* Pods_PhotoViewer.framework */,
			);
			name = Frameworks;
			sourceTree = "<group>";
		};
/* End PBXGroup section */

/* Begin PBXNativeTarget section */
		6524D33D1C591A3D002F7E8D /* PhotoViewer */ = {
			isa = PBXNativeTarget;
			buildConfigurationList = 6524D3661C591A3E002F7E8D /* Build configuration list for PBXNativeTarget "PhotoViewer" */;
			buildPhases = (
				0C33090B356AAADD49F0C193 /* [CP] Check Pods Manifest.lock */,
				6524D33A1C591A3D002F7E8D /* Sources */,
				6524D33B1C591A3D002F7E8D /* Frameworks */,
				6524D33C1C591A3D002F7E8D /* Resources */,
				13F16BC177DBFB3E24D51222 /* [CP] Embed Pods Frameworks */,
				8FEE61C4CBEEB790EF1F004B /* [CP] Copy Pods Resources */,
			);
			buildRules = (
			);
			dependencies = (
			);
			name = PhotoViewer;
			productName = PhotoViewer;
			productReference = 6524D33E1C591A3E002F7E8D /* PhotoViewer.app */;
			productType = "com.apple.product-type.application";
		};
		6524D3511C591A3E002F7E8D /* PhotoViewerTests */ = {
			isa = PBXNativeTarget;
			buildConfigurationList = 6524D3691C591A3E002F7E8D /* Build configuration list for PBXNativeTarget "PhotoViewerTests" */;
			buildPhases = (
				6524D34E1C591A3E002F7E8D /* Sources */,
				6524D34F1C591A3E002F7E8D /* Frameworks */,
				6524D3501C591A3E002F7E8D /* Resources */,
			);
			buildRules = (
			);
			dependencies = (
				6524D3541C591A3E002F7E8D /* PBXTargetDependency */,
			);
			name = PhotoViewerTests;
			productName = PhotoViewerTests;
			productReference = 6524D3521C591A3E002F7E8D /* PhotoViewerTests.xctest */;
			productType = "com.apple.product-type.bundle.unit-test";
		};
		6524D35C1C591A3E002F7E8D /* PhotoViewerUITests */ = {
			isa = PBXNativeTarget;
			buildConfigurationList = 6524D36C1C591A3E002F7E8D /* Build configuration list for PBXNativeTarget "PhotoViewerUITests" */;
			buildPhases = (
				6524D3591C591A3E002F7E8D /* Sources */,
				6524D35A1C591A3E002F7E8D /* Frameworks */,
				6524D35B1C591A3E002F7E8D /* Resources */,
			);
			buildRules = (
			);
			dependencies = (
				6524D35F1C591A3E002F7E8D /* PBXTargetDependency */,
			);
			name = PhotoViewerUITests;
			productName = PhotoViewerUITests;
			productReference = 6524D35D1C591A3E002F7E8D /* PhotoViewerUITests.xctest */;
			productType = "com.apple.product-type.bundle.ui-testing";
		};
/* End PBXNativeTarget section */

/* Begin PBXProject section */
		6524D3361C591A3D002F7E8D /* Project object */ = {
			isa = PBXProject;
			attributes = {
				LastSwiftUpdateCheck = 0720;
				LastUpgradeCheck = 0920;
				ORGANIZATIONNAME = HikaruSato;
				TargetAttributes = {
					6524D33D1C591A3D002F7E8D = {
						CreatedOnToolsVersion = 7.2;
						DevelopmentTeam = 6SL8ZQ8F72;
					};
					6524D3511C591A3E002F7E8D = {
						CreatedOnToolsVersion = 7.2;
						TestTargetID = 6524D33D1C591A3D002F7E8D;
					};
					6524D35C1C591A3E002F7E8D = {
						CreatedOnToolsVersion = 7.2;
						TestTargetID = 6524D33D1C591A3D002F7E8D;
					};
				};
			};
			buildConfigurationList = 6524D3391C591A3D002F7E8D /* Build configuration list for PBXProject "PhotoViewer" */;
			compatibilityVersion = "Xcode 3.2";
			developmentRegion = English;
			hasScannedForEncodings = 0;
			knownRegions = (
				en,
				Base,
			);
			mainGroup = 6524D3351C591A3D002F7E8D;
			productRefGroup = 6524D33F1C591A3E002F7E8D /* Products */;
			projectDirPath = "";
			projectRoot = "";
			targets = (
				6524D33D1C591A3D002F7E8D /* PhotoViewer */,
				6524D3511C591A3E002F7E8D /* PhotoViewerTests */,
				6524D35C1C591A3E002F7E8D /* PhotoViewerUITests */,
			);
		};
/* End PBXProject section */

/* Begin PBXResourcesBuildPhase section */
		6524D33C1C591A3D002F7E8D /* Resources */ = {
			isa = PBXResourcesBuildPhase;
			buildActionMask = 2147483647;
			files = (
				6524D34C1C591A3E002F7E8D /* LaunchScreen.storyboard in Resources */,
				6524D3491C591A3E002F7E8D /* Assets.xcassets in Resources */,
				6524D3471C591A3E002F7E8D /* Main.storyboard in Resources */,
			);
			runOnlyForDeploymentPostprocessing = 0;
		};
		6524D3501C591A3E002F7E8D /* Resources */ = {
			isa = PBXResourcesBuildPhase;
			buildActionMask = 2147483647;
			files = (
			);
			runOnlyForDeploymentPostprocessing = 0;
		};
		6524D35B1C591A3E002F7E8D /* Resources */ = {
			isa = PBXResourcesBuildPhase;
			buildActionMask = 2147483647;
			files = (
			);
			runOnlyForDeploymentPostprocessing = 0;
		};
/* End PBXResourcesBuildPhase section */

/* Begin PBXShellScriptBuildPhase section */
		0C33090B356AAADD49F0C193 /* [CP] Check Pods Manifest.lock */ = {
			isa = PBXShellScriptBuildPhase;
			buildActionMask = 2147483647;
			files = (
			);
			inputPaths = (
				"${PODS_PODFILE_DIR_PATH}/Podfile.lock",
				"${PODS_ROOT}/Manifest.lock",
			);
			name = "[CP] Check Pods Manifest.lock";
			outputPaths = (
				"$(DERIVED_FILE_DIR)/Pods-PhotoViewer-checkManifestLockResult.txt",
			);
			runOnlyForDeploymentPostprocessing = 0;
			shellPath = /bin/sh;
			shellScript = "diff \"${PODS_PODFILE_DIR_PATH}/Podfile.lock\" \"${PODS_ROOT}/Manifest.lock\" > /dev/null\nif [ $? != 0 ] ; then\n    # print error to STDERR\n    echo \"error: The sandbox is not in sync with the Podfile.lock. Run 'pod install' or update your CocoaPods installation.\" >&2\n    exit 1\nfi\n# This output is used by Xcode 'outputs' to avoid re-running this script phase.\necho \"SUCCESS\" > \"${SCRIPT_OUTPUT_FILE_0}\"\n";
			showEnvVarsInLog = 0;
		};
		13F16BC177DBFB3E24D51222 /* [CP] Embed Pods Frameworks */ = {
			isa = PBXShellScriptBuildPhase;
			buildActionMask = 2147483647;
			files = (
			);
			inputPaths = (
				"${SRCROOT}/Pods/Target Support Files/Pods-PhotoViewer/Pods-PhotoViewer-frameworks.sh",
				"${BUILT_PRODUCTS_DIR}/RMPZoomTransitionAnimator/RMPZoomTransitionAnimator.framework",
			);
			name = "[CP] Embed Pods Frameworks";
			outputPaths = (
				"${TARGET_BUILD_DIR}/${FRAMEWORKS_FOLDER_PATH}/RMPZoomTransitionAnimator.framework",
			);
			runOnlyForDeploymentPostprocessing = 0;
			shellPath = /bin/sh;
			shellScript = "\"${SRCROOT}/Pods/Target Support Files/Pods-PhotoViewer/Pods-PhotoViewer-frameworks.sh\"\n";
			showEnvVarsInLog = 0;
		};
		8FEE61C4CBEEB790EF1F004B /* [CP] Copy Pods Resources */ = {
			isa = PBXShellScriptBuildPhase;
			buildActionMask = 2147483647;
			files = (
			);
			inputPaths = (
			);
			name = "[CP] Copy Pods Resources";
			outputPaths = (
			);
			runOnlyForDeploymentPostprocessing = 0;
			shellPath = /bin/sh;
			shellScript = "\"${SRCROOT}/Pods/Target Support Files/Pods-PhotoViewer/Pods-PhotoViewer-resources.sh\"\n";
			showEnvVarsInLog = 0;
		};
/* End PBXShellScriptBuildPhase section */

/* Begin PBXSourcesBuildPhase section */
		6524D33A1C591A3D002F7E8D /* Sources */ = {
			isa = PBXSourcesBuildPhase;
			buildActionMask = 2147483647;
			files = (
				65F737911CBA9362008A5392 /* ViewController.swift in Sources */,
				6524D3441C591A3E002F7E8D /* PhotoCollectionViewController.swift in Sources */,
				65C706C51CAC255A0033E222 /* PhotoCollectionViewCell.swift in Sources */,
				6524D3701C591A65002F7E8D /* SinglePhotoViewController.swift in Sources */,
				6524D3421C591A3E002F7E8D /* AppDelegate.swift in Sources */,
			);
			runOnlyForDeploymentPostprocessing = 0;
		};
		6524D34E1C591A3E002F7E8D /* Sources */ = {
			isa = PBXSourcesBuildPhase;
			buildActionMask = 2147483647;
			files = (
				6524D3571C591A3E002F7E8D /* PhotoViewerTests.swift in Sources */,
			);
			runOnlyForDeploymentPostprocessing = 0;
		};
		6524D3591C591A3E002F7E8D /* Sources */ = {
			isa = PBXSourcesBuildPhase;
			buildActionMask = 2147483647;
			files = (
				6524D3621C591A3E002F7E8D /* PhotoViewerUITests.swift in Sources */,
			);
			runOnlyForDeploymentPostprocessing = 0;
		};
/* End PBXSourcesBuildPhase section */

/* Begin PBXTargetDependency section */
		6524D3541C591A3E002F7E8D /* PBXTargetDependency */ = {
			isa = PBXTargetDependency;
			target = 6524D33D1C591A3D002F7E8D /* PhotoViewer */;
			targetProxy = 6524D3531C591A3E002F7E8D /* PBXContainerItemProxy */;
		};
		6524D35F1C591A3E002F7E8D /* PBXTargetDependency */ = {
			isa = PBXTargetDependency;
			target = 6524D33D1C591A3D002F7E8D /* PhotoViewer */;
			targetProxy = 6524D35E1C591A3E002F7E8D /* PBXContainerItemProxy */;
		};
/* End PBXTargetDependency section */

/* Begin PBXVariantGroup section */
		6524D3451C591A3E002F7E8D /* Main.storyboard */ = {
			isa = PBXVariantGroup;
			children = (
				6524D3461C591A3E002F7E8D /* Base */,
			);
			name = Main.storyboard;
			sourceTree = "<group>";
		};
		6524D34A1C591A3E002F7E8D /* LaunchScreen.storyboard */ = {
			isa = PBXVariantGroup;
			children = (
				6524D34B1C591A3E002F7E8D /* Base */,
			);
			name = LaunchScreen.storyboard;
			sourceTree = "<group>";
		};
/* End PBXVariantGroup section */

/* Begin XCBuildConfiguration section */
		6524D3641C591A3E002F7E8D /* Debug */ = {
			isa = XCBuildConfiguration;
			buildSettings = {
				ALWAYS_SEARCH_USER_PATHS = NO;
				CLANG_CXX_LANGUAGE_STANDARD = "gnu++0x";
				CLANG_CXX_LIBRARY = "libc++";
				CLANG_ENABLE_MODULES = YES;
				CLANG_ENABLE_OBJC_ARC = YES;
				CLANG_WARN_BLOCK_CAPTURE_AUTORELEASING = YES;
				CLANG_WARN_BOOL_CONVERSION = YES;
				CLANG_WARN_COMMA = YES;
				CLANG_WARN_CONSTANT_CONVERSION = YES;
				CLANG_WARN_DIRECT_OBJC_ISA_USAGE = YES_ERROR;
				CLANG_WARN_EMPTY_BODY = YES;
				CLANG_WARN_ENUM_CONVERSION = YES;
				CLANG_WARN_INFINITE_RECURSION = YES;
				CLANG_WARN_INT_CONVERSION = YES;
				CLANG_WARN_NON_LITERAL_NULL_CONVERSION = YES;
				CLANG_WARN_OBJC_LITERAL_CONVERSION = YES;
				CLANG_WARN_OBJC_ROOT_CLASS = YES_ERROR;
				CLANG_WARN_RANGE_LOOP_ANALYSIS = YES;
				CLANG_WARN_STRICT_PROTOTYPES = YES;
				CLANG_WARN_SUSPICIOUS_MOVE = YES;
				CLANG_WARN_UNREACHABLE_CODE = YES;
				CLANG_WARN__DUPLICATE_METHOD_MATCH = YES;
				"CODE_SIGN_IDENTITY[sdk=iphoneos*]" = "iPhone Developer";
				COPY_PHASE_STRIP = NO;
				DEBUG_INFORMATION_FORMAT = dwarf;
				ENABLE_STRICT_OBJC_MSGSEND = YES;
				ENABLE_TESTABILITY = YES;
				GCC_C_LANGUAGE_STANDARD = gnu99;
				GCC_DYNAMIC_NO_PIC = NO;
				GCC_NO_COMMON_BLOCKS = YES;
				GCC_OPTIMIZATION_LEVEL = 0;
				GCC_PREPROCESSOR_DEFINITIONS = (
					"DEBUG=1",
					"$(inherited)",
				);
				GCC_WARN_64_TO_32_BIT_CONVERSION = YES;
				GCC_WARN_ABOUT_RETURN_TYPE = YES_ERROR;
				GCC_WARN_UNDECLARED_SELECTOR = YES;
				GCC_WARN_UNINITIALIZED_AUTOS = YES_AGGRESSIVE;
				GCC_WARN_UNUSED_FUNCTION = YES;
				GCC_WARN_UNUSED_VARIABLE = YES;
				IPHONEOS_DEPLOYMENT_TARGET = 9.2;
				MTL_ENABLE_DEBUG_INFO = YES;
				ONLY_ACTIVE_ARCH = YES;
				SDKROOT = iphoneos;
				SWIFT_OPTIMIZATION_LEVEL = "-Onone";
				SWIFT_VERSION = 4.0;
			};
			name = Debug;
		};
		6524D3651C591A3E002F7E8D /* Release */ = {
			isa = XCBuildConfiguration;
			buildSettings = {
				ALWAYS_SEARCH_USER_PATHS = NO;
				CLANG_CXX_LANGUAGE_STANDARD = "gnu++0x";
				CLANG_CXX_LIBRARY = "libc++";
				CLANG_ENABLE_MODULES = YES;
				CLANG_ENABLE_OBJC_ARC = YES;
				CLANG_WARN_BLOCK_CAPTURE_AUTORELEASING = YES;
				CLANG_WARN_BOOL_CONVERSION = YES;
				CLANG_WARN_COMMA = YES;
				CLANG_WARN_CONSTANT_CONVERSION = YES;
				CLANG_WARN_DIRECT_OBJC_ISA_USAGE = YES_ERROR;
				CLANG_WARN_EMPTY_BODY = YES;
				CLANG_WARN_ENUM_CONVERSION = YES;
				CLANG_WARN_INFINITE_RECURSION = YES;
				CLANG_WARN_INT_CONVERSION = YES;
				CLANG_WARN_NON_LITERAL_NULL_CONVERSION = YES;
				CLANG_WARN_OBJC_LITERAL_CONVERSION = YES;
				CLANG_WARN_OBJC_ROOT_CLASS = YES_ERROR;
				CLANG_WARN_RANGE_LOOP_ANALYSIS = YES;
				CLANG_WARN_STRICT_PROTOTYPES = YES;
				CLANG_WARN_SUSPICIOUS_MOVE = YES;
				CLANG_WARN_UNREACHABLE_CODE = YES;
				CLANG_WARN__DUPLICATE_METHOD_MATCH = YES;
				"CODE_SIGN_IDENTITY[sdk=iphoneos*]" = "iPhone Developer";
				COPY_PHASE_STRIP = NO;
				DEBUG_INFORMATION_FORMAT = "dwarf-with-dsym";
				ENABLE_NS_ASSERTIONS = NO;
				ENABLE_STRICT_OBJC_MSGSEND = YES;
				GCC_C_LANGUAGE_STANDARD = gnu99;
				GCC_NO_COMMON_BLOCKS = YES;
				GCC_WARN_64_TO_32_BIT_CONVERSION = YES;
				GCC_WARN_ABOUT_RETURN_TYPE = YES_ERROR;
				GCC_WARN_UNDECLARED_SELECTOR = YES;
				GCC_WARN_UNINITIALIZED_AUTOS = YES_AGGRESSIVE;
				GCC_WARN_UNUSED_FUNCTION = YES;
				GCC_WARN_UNUSED_VARIABLE = YES;
				IPHONEOS_DEPLOYMENT_TARGET = 9.2;
				MTL_ENABLE_DEBUG_INFO = NO;
				SDKROOT = iphoneos;
				SWIFT_OPTIMIZATION_LEVEL = "-Owholemodule";
				SWIFT_VERSION = 4.0;
				VALIDATE_PRODUCT = YES;
			};
			name = Release;
		};
		6524D3671C591A3E002F7E8D /* Debug */ = {
			isa = XCBuildConfiguration;
			baseConfigurationReference = 9E603B923877A7AF9A7C01DF /* Pods-PhotoViewer.debug.xcconfig */;
			buildSettings = {
				ASSETCATALOG_COMPILER_APPICON_NAME = AppIcon;
				CODE_SIGN_IDENTITY = "iPhone Developer";
				DEVELOPMENT_TEAM = 6SL8ZQ8F72;
				INFOPLIST_FILE = PhotoViewer/Info.plist;
				IPHONEOS_DEPLOYMENT_TARGET = 8.0;
				LD_RUNPATH_SEARCH_PATHS = "$(inherited) @executable_path/Frameworks";
				PRODUCT_BUNDLE_IDENTIFIER = com.HikaruSato.example.PhotoViewer;
				PRODUCT_NAME = "$(TARGET_NAME)";
				SWIFT_OBJC_BRIDGING_HEADER = "$(TARGET_NAME)/$(TARGET_NAME)-Bridging-Header.h";
			};
			name = Debug;
		};
		6524D3681C591A3E002F7E8D /* Release */ = {
			isa = XCBuildConfiguration;
			baseConfigurationReference = 34C64E1AA6B43147512265A2 /* Pods-PhotoViewer.release.xcconfig */;
			buildSettings = {
				ASSETCATALOG_COMPILER_APPICON_NAME = AppIcon;
				CODE_SIGN_IDENTITY = "iPhone Developer";
				DEVELOPMENT_TEAM = 6SL8ZQ8F72;
				INFOPLIST_FILE = PhotoViewer/Info.plist;
				IPHONEOS_DEPLOYMENT_TARGET = 8.0;
				LD_RUNPATH_SEARCH_PATHS = "$(inherited) @executable_path/Frameworks";
				PRODUCT_BUNDLE_IDENTIFIER = com.HikaruSato.example.PhotoViewer;
				PRODUCT_NAME = "$(TARGET_NAME)";
				SWIFT_OBJC_BRIDGING_HEADER = "$(TARGET_NAME)/$(TARGET_NAME)-Bridging-Header.h";
			};
			name = Release;
		};
		6524D36A1C591A3E002F7E8D /* Debug */ = {
			isa = XCBuildConfiguration;
			buildSettings = {
				BUNDLE_LOADER = "$(TEST_HOST)";
				INFOPLIST_FILE = PhotoViewerTests/Info.plist;
				LD_RUNPATH_SEARCH_PATHS = "$(inherited) @executable_path/Frameworks @loader_path/Frameworks";
				PRODUCT_BUNDLE_IDENTIFIER = com.HikaruSato.example.PhotoViewerTests;
				PRODUCT_NAME = "$(TARGET_NAME)";
				TEST_HOST = "$(BUILT_PRODUCTS_DIR)/PhotoViewer.app/PhotoViewer";
			};
			name = Debug;
		};
		6524D36B1C591A3E002F7E8D /* Release */ = {
			isa = XCBuildConfiguration;
			buildSettings = {
				BUNDLE_LOADER = "$(TEST_HOST)";
				INFOPLIST_FILE = PhotoViewerTests/Info.plist;
				LD_RUNPATH_SEARCH_PATHS = "$(inherited) @executable_path/Frameworks @loader_path/Frameworks";
				PRODUCT_BUNDLE_IDENTIFIER = com.HikaruSato.example.PhotoViewerTests;
				PRODUCT_NAME = "$(TARGET_NAME)";
				TEST_HOST = "$(BUILT_PRODUCTS_DIR)/PhotoViewer.app/PhotoViewer";
			};
			name = Release;
		};
		6524D36D1C591A3E002F7E8D /* Debug */ = {
			isa = XCBuildConfiguration;
			buildSettings = {
				INFOPLIST_FILE = PhotoViewerUITests/Info.plist;
				LD_RUNPATH_SEARCH_PATHS = "$(inherited) @executable_path/Frameworks @loader_path/Frameworks";
				PRODUCT_BUNDLE_IDENTIFIER = com.HikaruSato.example.PhotoViewerUITests;
				PRODUCT_NAME = "$(TARGET_NAME)";
				TEST_TARGET_NAME = PhotoViewer;
				USES_XCTRUNNER = YES;
			};
			name = Debug;
		};
		6524D36E1C591A3E002F7E8D /* Release */ = {
			isa = XCBuildConfiguration;
			buildSettings = {
				INFOPLIST_FILE = PhotoViewerUITests/Info.plist;
				LD_RUNPATH_SEARCH_PATHS = "$(inherited) @executable_path/Frameworks @loader_path/Frameworks";
				PRODUCT_BUNDLE_IDENTIFIER = com.HikaruSato.example.PhotoViewerUITests;
				PRODUCT_NAME = "$(TARGET_NAME)";
				TEST_TARGET_NAME = PhotoViewer;
				USES_XCTRUNNER = YES;
			};
			name = Release;
		};
/* End XCBuildConfiguration section */

/* Begin XCConfigurationList section */
		6524D3391C591A3D002F7E8D /* Build configuration list for PBXProject "PhotoViewer" */ = {
			isa = XCConfigurationList;
			buildConfigurations = (
				6524D3641C591A3E002F7E8D /* Debug */,
				6524D3651C591A3E002F7E8D /* Release */,
			);
			defaultConfigurationIsVisible = 0;
			defaultConfigurationName = Release;
		};
		6524D3661C591A3E002F7E8D /* Build configuration list for PBXNativeTarget "PhotoViewer" */ = {
			isa = XCConfigurationList;
			buildConfigurations = (
				6524D3671C591A3E002F7E8D /* Debug */,
				6524D3681C591A3E002F7E8D /* Release */,
			);
			defaultConfigurationIsVisible = 0;
			defaultConfigurationName = Release;
		};
		6524D3691C591A3E002F7E8D /* Build configuration list for PBXNativeTarget "PhotoViewerTests" */ = {
			isa = XCConfigurationList;
			buildConfigurations = (
				6524D36A1C591A3E002F7E8D /* Debug */,
				6524D36B1C591A3E002F7E8D /* Release */,
			);
			defaultConfigurationIsVisible = 0;
			defaultConfigurationName = Release;
		};
		6524D36C1C591A3E002F7E8D /* Build configuration list for PBXNativeTarget "PhotoViewerUITests" */ = {
			isa = XCConfigurationList;
			buildConfigurations = (
				6524D36D1C591A3E002F7E8D /* Debug */,
				6524D36E1C591A3E002F7E8D /* Release */,
			);
			defaultConfigurationIsVisible = 0;
			defaultConfigurationName = Release;
		};
/* End XCConfigurationList section */
	};
	rootObject = 6524D3361C591A3D002F7E8D /* Project object */;
}
